
Microsoft Visual Studio Solution File, Format Version 12.00
# Visual Studio Version 17
VisualStudioVersion = 17.0.31903.59
MinimumVisualStudioVersion = 10.0.40219.1
Project("{FAE04EC0-301F-11D3-BF4B-00C04F79EFBC}") = "SimpleRoomCast.Core", "src\SimpleRoomCast.Core\SimpleRoomCast.Core.csproj", "{B224079A-E8F2-49A0-93BB-E581C5222C72}"
EndProject
Project("{FAE04EC0-301F-11D3-BF4B-00C04F79EFBC}") = "SimpleRoomCast.Cli", "src\SimpleRoomCast.Cli\SimpleRoomCast.Cli.csproj", "{569DC18B-A97D-4B09-9399-54A147AE1B76}"
EndProject
Project("{FAE04EC0-301F-11D3-BF4B-00C04F79EFBC}") = "SimpleRoomCast.Core.Tests", "tests\SimpleRoomCast.Core.Tests\SimpleRoomCast.Core.Tests.csproj", "{C09D96D1-A5E2-45FD-9EE9-F668A07DD004}"
EndProject
Global
	GlobalSection(SolutionConfigurationPlatforms) = preSolution
		Debug|Any CPU = Debug|Any CPU
		Release|Any CPU = Release|Any CPU
	EndGlobalSection
	GlobalSection(ProjectConfigurationPlatforms) = postSolution
		{B224079A-E8F2-49A0-93BB-E581C5222C72}.Debug|Any CPU.ActiveCfg = Debug|Any CPU
		{B224079A-E8F2-49A0-93BB-E581C5222C72}.Debug|Any CPU.Build.0 = Debug|Any CPU
		{B224079A-E8F2-49A0-93BB-E581C5222C72}.Release|Any CPU.ActiveCfg = Release|Any CPU
		{B224079A-E8F2-49A0-93BB-E581C5222C72}.Release|Any CPU.Build.0 = Release|Any CPU
		{569DC18B-A97D-4B09-9399-54A147AE1B76}.Debug|Any CPU.ActiveCfg = Debug|Any CPU
		{569DC18B-A97D-4B09-9399-54A147AE1B76}.Debug|Any CPU.Build.0 = Debug|Any CPU
		{569DC18B-A97D-4B09-9399-54A147AE1B76}.Release|Any CPU.ActiveCfg = Release|Any CPU
		{569DC18B-A97D-4B09-9399-54A147AE1B76}.Release|Any CPU.Build.0 = Release|Any CPU
		{C09D96D1-A5E2-45FD-9EE9-F668A07DD004}.Debug|Any CPU.ActiveCfg = Debug|Any CPU
		{C09D96D1-A5E2-45FD-9EE9-F668A07DD004}.Debug|Any CPU.Build.0 = Debug|Any CPU
		{C09D96D1-A5E2-45FD-9EE9-F668A07DD004}.Release|Any CPU.ActiveCfg = Release|Any CPU
		{C09D96D1-A5E2-45FD-9EE9-F668A07DD004}.Release|Any CPU.Build.0 = Release|Any CPU
	EndGlobalSection
EndGlobal
